
Microsoft Visual Studio Solution File, Format Version 12.00
# Visual Studio Version 17
VisualStudioVersion = 17.11.35222.181
MinimumVisualStudioVersion = 10.0.40219.1
Project("{FAE04EC0-301F-11D3-BF4B-00C04F79EFBC}") = "MVCCalculator", "MVCCalculator.csproj", "{054D8A00-6738-433A-9910-C455973625F9}"
EndProject
Global
	GlobalSection(SolutionConfigurationPlatforms) = preSolution
		Debug|Any CPU = Debug|Any CPU
		Release|Any CPU = Release|Any CPU
	EndGlobalSection
	GlobalSection(ProjectConfigurationPlatforms) = postSolution
		{054D8A00-6738-433A-9910-C455973625F9}.Debug|Any CPU.ActiveCfg = Debug|Any CPU
		{054D8A00-6738-433A-9910-C455973625F9}.Debug|Any CPU.Build.0 = Debug|Any CPU
		{054D8A00-6738-433A-9910-C455973625F9}.Release|Any CPU.ActiveCfg = Release|Any CPU
		{054D8A00-6738-433A-9910-C455973625F9}.Release|Any CPU.Build.0 = Release|Any CPU
	EndGlobalSection
	GlobalSection(SolutionProperties) = preSolution
		HideSolutionNode = FALSE
	EndGlobalSection
	GlobalSection(ExtensibilityGlobals) = postSolution
		SolutionGuid = {61AFE806-EFB2-40D1-A780-772FA7325CC7}
	EndGlobalSection
EndGlobal
