
Microsoft Visual Studio Solution File, Format Version 12.00
# Visual Studio Version 17
VisualStudioVersion = 17.11.35303.130
MinimumVisualStudioVersion = 10.0.40219.1
Project("{FAE04EC0-301F-11D3-BF4B-00C04F79EFBC}") = "Bank", "Bank.csproj", "{C440F1FB-96E1-497E-B718-2CBCD70D0348}"
EndProject
Project("{FAE04EC0-301F-11D3-BF4B-00C04F79EFBC}") = "BankTests", "..\BankTests\BankTests.csproj", "{B9B6AD8B-D927-4A82-A7F4-5058B0F354B5}"
EndProject
Global
	GlobalSection(SolutionConfigurationPlatforms) = preSolution
		Debug|Any CPU = Debug|Any CPU
		Release|Any CPU = Release|Any CPU
	EndGlobalSection
	GlobalSection(ProjectConfigurationPlatforms) = postSolution
		{C440F1FB-96E1-497E-B718-2CBCD70D0348}.Debug|Any CPU.ActiveCfg = Debug|Any CPU
		{C440F1FB-96E1-497E-B718-2CBCD70D0348}.Debug|Any CPU.Build.0 = Debug|Any CPU
		{C440F1FB-96E1-497E-B718-2CBCD70D0348}.Release|Any CPU.ActiveCfg = Release|Any CPU
		{C440F1FB-96E1-497E-B718-2CBCD70D0348}.Release|Any CPU.Build.0 = Release|Any CPU
		{B9B6AD8B-D927-4A82-A7F4-5058B0F354B5}.Debug|Any CPU.ActiveCfg = Debug|Any CPU
		{B9B6AD8B-D927-4A82-A7F4-5058B0F354B5}.Debug|Any CPU.Build.0 = Debug|Any CPU
		{B9B6AD8B-D927-4A82-A7F4-5058B0F354B5}.Release|Any CPU.ActiveCfg = Release|Any CPU
		{B9B6AD8B-D927-4A82-A7F4-5058B0F354B5}.Release|Any CPU.Build.0 = Release|Any CPU
	EndGlobalSection
	GlobalSection(SolutionProperties) = preSolution
		HideSolutionNode = FALSE
	EndGlobalSection
	GlobalSection(ExtensibilityGlobals) = postSolution
		SolutionGuid = {64671C2E-82E7-412C-B6AF-60BEAB68E6CB}
	EndGlobalSection
EndGlobal
