
Microsoft Visual Studio Solution File, Format Version 12.00
# Visual Studio Version 17
VisualStudioVersion = 17.11.35312.102
MinimumVisualStudioVersion = 10.0.40219.1
Project("{FAE04EC0-301F-11D3-BF4B-00C04F79EFBC}") = "RefactorEventApp", "RefactorEventApp.csproj", "{A239EA1E-7059-4CF2-B244-F2E4FB2E9E44}"
EndProject
Global
	GlobalSection(SolutionConfigurationPlatforms) = preSolution
		Debug|Any CPU = Debug|Any CPU
		Release|Any CPU = Release|Any CPU
	EndGlobalSection
	GlobalSection(ProjectConfigurationPlatforms) = postSolution
		{A239EA1E-7059-4CF2-B244-F2E4FB2E9E44}.Debug|Any CPU.ActiveCfg = Debug|Any CPU
		{A239EA1E-7059-4CF2-B244-F2E4FB2E9E44}.Debug|Any CPU.Build.0 = Debug|Any CPU
		{A239EA1E-7059-4CF2-B244-F2E4FB2E9E44}.Release|Any CPU.ActiveCfg = Release|Any CPU
		{A239EA1E-7059-4CF2-B244-F2E4FB2E9E44}.Release|Any CPU.Build.0 = Release|Any CPU
	EndGlobalSection
	GlobalSection(SolutionProperties) = preSolution
		HideSolutionNode = FALSE
	EndGlobalSection
	GlobalSection(ExtensibilityGlobals) = postSolution
		SolutionGuid = {222D1289-8B9E-494B-984D-5DEE31838039}
	EndGlobalSection
EndGlobal
